
Microsoft Visual Studio Solution File, Format Version 12.00
# Visual Studio Version 16
VisualStudioVersion = 16.0.29424.173
MinimumVisualStudioVersion = 10.0.40219.1
Project("{9A19103F-16F7-4668-BE54-9A1E7A4F7556}") = "WebApplication18", "WebApplication18\WebApplication18.csproj", "{54166A25-B170-41A2-9DC4-5E4C8EEFE96D}"
EndProject
Project("{FAE04EC0-301F-11D3-BF4B-00C04F79EFBC}") = "XUnitTestProject1", "XUnitTestProject1\XUnitTestProject1.csproj", "{D912674B-90C4-4D89-A2AC-FAD9DF2B423B}"
EndProject
Global
	GlobalSection(SolutionConfigurationPlatforms) = preSolution
		Debug|Any CPU = Debug|Any CPU
		Release|Any CPU = Release|Any CPU
	EndGlobalSection
	GlobalSection(ProjectConfigurationPlatforms) = postSolution
		{54166A25-B170-41A2-9DC4-5E4C8EEFE96D}.Debug|Any CPU.ActiveCfg = Debug|Any CPU
		{54166A25-B170-41A2-9DC4-5E4C8EEFE96D}.Debug|Any CPU.Build.0 = Debug|Any CPU
		{54166A25-B170-41A2-9DC4-5E4C8EEFE96D}.Release|Any CPU.ActiveCfg = Release|Any CPU
		{54166A25-B170-41A2-9DC4-5E4C8EEFE96D}.Release|Any CPU.Build.0 = Release|Any CPU
		{D912674B-90C4-4D89-A2AC-FAD9DF2B423B}.Debug|Any CPU.ActiveCfg = Debug|Any CPU
		{D912674B-90C4-4D89-A2AC-FAD9DF2B423B}.Debug|Any CPU.Build.0 = Debug|Any CPU
		{D912674B-90C4-4D89-A2AC-FAD9DF2B423B}.Release|Any CPU.ActiveCfg = Release|Any CPU
		{D912674B-90C4-4D89-A2AC-FAD9DF2B423B}.Release|Any CPU.Build.0 = Release|Any CPU
	EndGlobalSection
	GlobalSection(SolutionProperties) = preSolution
		HideSolutionNode = FALSE
	EndGlobalSection
	GlobalSection(ExtensibilityGlobals) = postSolution
		SolutionGuid = {F028A321-A6AF-458C-BF87-EDC4C48103CC}
	EndGlobalSection
EndGlobal
